{
  "originHash" : "09b08963887ce6eac26952e8acb25256a8ec102f2b5528ae68a97fa296723712",
  "pins" : [
    {
      "identity" : "swift-snapshot-testing",
      "kind" : "remoteSourceControl",
      "location" : "https://github.com/pointfreeco/swift-snapshot-testing",
      "state" : {
        "revision" : "cef5b3f6f11781dd4591bdd1dd0a3d22bd609334",
        "version" : "1.11.0"
      }
    }
  ],
  "version" : 3
}
