// !$*UTF8*$!
{
	archiveVersion = 1;
	classes = {
	};
	objectVersion = 46;
	objects = {

/* Begin PBXBuildFile section */
		0607240D1D7FC02400BFCF61 /* RealmBarDataSet.swift in Sources */ = {isa = PBXBuildFile; fileRef = 5B88D8741C634EBB00B54CBD /* RealmBarDataSet.swift */; };
		0607240E1D7FC02400BFCF61 /* RealmBarLineScatterCandleBubbleDataSet.swift in Sources */ = {isa = PBXBuildFile; fileRef = 5B88D8751C634EBB00B54CBD /* RealmBarLineScatterCandleBubbleDataSet.swift */; };
		0607240F1D7FC02400BFCF61 /* RealmBaseDataSet.swift in Sources */ = {isa = PBXBuildFile; fileRef = 5B88D8761C634EBB00B54CBD /* RealmBaseDataSet.swift */; };
		060724101D7FC02400BFCF61 /* RealmBubbleDataSet.swift in Sources */ = {isa = PBXBuildFile; fileRef = 5B88D8781C634EBB00B54CBD /* RealmBubbleDataSet.swift */; };
		060724111D7FC02400BFCF61 /* RealmCandleDataSet.swift in Sources */ = {isa = PBXBuildFile; fileRef = 5B88D87A1C634EBB00B54CBD /* RealmCandleDataSet.swift */; };
		060724121D7FC02400BFCF61 /* RealmLineDataSet.swift in Sources */ = {isa = PBXBuildFile; fileRef = 5B88D87C1C634EBB00B54CBD /* RealmLineDataSet.swift */; };
		060724131D7FC02400BFCF61 /* RealmLineRadarDataSet.swift in Sources */ = {isa = PBXBuildFile; fileRef = 5B88D87D1C634EBB00B54CBD /* RealmLineRadarDataSet.swift */; };
		060724141D7FC02400BFCF61 /* RealmLineScatterCandleRadarDataSet.swift in Sources */ = {isa = PBXBuildFile; fileRef = 5B88D87E1C634EBB00B54CBD /* RealmLineScatterCandleRadarDataSet.swift */; };
		060724151D7FC02400BFCF61 /* RealmPieDataSet.swift in Sources */ = {isa = PBXBuildFile; fileRef = 5B88D8801C634EBB00B54CBD /* RealmPieDataSet.swift */; };
		060724161D7FC02400BFCF61 /* RealmRadarDataSet.swift in Sources */ = {isa = PBXBuildFile; fileRef = 5B88D8821C634EBB00B54CBD /* RealmRadarDataSet.swift */; };
		060724171D7FC02400BFCF61 /* RealmScatterDataSet.swift in Sources */ = {isa = PBXBuildFile; fileRef = 5B88D8841C634EBB00B54CBD /* RealmScatterDataSet.swift */; };
		060724181D7FC02400BFCF61 /* RealmChartUtils.swift in Sources */ = {isa = PBXBuildFile; fileRef = 5B4AC1811C4C12B80028D1A6 /* RealmChartUtils.swift */; };
		060724191D7FC03000BFCF61 /* ChartsRealm.h in Headers */ = {isa = PBXBuildFile; fileRef = 5B680D3C1A9D1AD90026A057 /* ChartsRealm.h */; settings = {ATTRIBUTES = (Public, ); }; };
		0607241B1D7FC05900BFCF61 /* Realm.framework in Frameworks */ = {isa = PBXBuildFile; fileRef = 0681822C1D7F9170000E0FAB /* Realm.framework */; };
		0607241C1D7FC05B00BFCF61 /* RealmSwift.framework in Frameworks */ = {isa = PBXBuildFile; fileRef = 0681822E1D7F917F000E0FAB /* RealmSwift.framework */; };
		0621EFE11D7FD6FE001BA58B /* Charts.framework in Frameworks */ = {isa = PBXBuildFile; fileRef = 0621EFE01D7FD6FE001BA58B /* Charts.framework */; };
		0621EFEC1D7FD742001BA58B /* Charts.framework in Frameworks */ = {isa = PBXBuildFile; fileRef = 0621EFE21D7FD71A001BA58B /* Charts.framework */; };
		0621EFEE1D7FD74F001BA58B /* Charts.framework in Frameworks */ = {isa = PBXBuildFile; fileRef = 0621EFED1D7FD74F001BA58B /* Charts.framework */; };
		068182291D7F914D000E0FAB /* Realm.framework in Frameworks */ = {isa = PBXBuildFile; fileRef = 068182281D7F914D000E0FAB /* Realm.framework */; };
		0681822B1D7F915C000E0FAB /* RealmSwift.framework in Frameworks */ = {isa = PBXBuildFile; fileRef = 0681822A1D7F915C000E0FAB /* RealmSwift.framework */; };
		068182311D7F9194000E0FAB /* Realm.framework in Frameworks */ = {isa = PBXBuildFile; fileRef = 068182301D7F9194000E0FAB /* Realm.framework */; };
		068182331D7F91A8000E0FAB /* RealmSwift.framework in Frameworks */ = {isa = PBXBuildFile; fileRef = 068182321D7F91A8000E0FAB /* RealmSwift.framework */; };
		5B4AC1821C4C12B80028D1A6 /* RealmChartUtils.swift in Sources */ = {isa = PBXBuildFile; fileRef = 5B4AC1811C4C12B80028D1A6 /* RealmChartUtils.swift */; };
		5B680D3D1A9D1AD90026A057 /* ChartsRealm.h in Headers */ = {isa = PBXBuildFile; fileRef = 5B680D3C1A9D1AD90026A057 /* ChartsRealm.h */; settings = {ATTRIBUTES = (Public, ); }; };
		5B88D8871C634EBB00B54CBD /* RealmBarDataSet.swift in Sources */ = {isa = PBXBuildFile; fileRef = 5B88D8741C634EBB00B54CBD /* RealmBarDataSet.swift */; };
		5B88D8891C634EBB00B54CBD /* RealmBarLineScatterCandleBubbleDataSet.swift in Sources */ = {isa = PBXBuildFile; fileRef = 5B88D8751C634EBB00B54CBD /* RealmBarLineScatterCandleBubbleDataSet.swift */; };
		5B88D88B1C634EBB00B54CBD /* RealmBaseDataSet.swift in Sources */ = {isa = PBXBuildFile; fileRef = 5B88D8761C634EBB00B54CBD /* RealmBaseDataSet.swift */; };
		5B88D88F1C634EBB00B54CBD /* RealmBubbleDataSet.swift in Sources */ = {isa = PBXBuildFile; fileRef = 5B88D8781C634EBB00B54CBD /* RealmBubbleDataSet.swift */; };
		5B88D8931C634EBB00B54CBD /* RealmCandleDataSet.swift in Sources */ = {isa = PBXBuildFile; fileRef = 5B88D87A1C634EBB00B54CBD /* RealmCandleDataSet.swift */; };
		5B88D8971C634EBB00B54CBD /* RealmLineDataSet.swift in Sources */ = {isa = PBXBuildFile; fileRef = 5B88D87C1C634EBB00B54CBD /* RealmLineDataSet.swift */; };
		5B88D8991C634EBB00B54CBD /* RealmLineRadarDataSet.swift in Sources */ = {isa = PBXBuildFile; fileRef = 5B88D87D1C634EBB00B54CBD /* RealmLineRadarDataSet.swift */; };
		5B88D89B1C634EBB00B54CBD /* RealmLineScatterCandleRadarDataSet.swift in Sources */ = {isa = PBXBuildFile; fileRef = 5B88D87E1C634EBB00B54CBD /* RealmLineScatterCandleRadarDataSet.swift */; };
		5B88D89F1C634EBB00B54CBD /* RealmPieDataSet.swift in Sources */ = {isa = PBXBuildFile; fileRef = 5B88D8801C634EBB00B54CBD /* RealmPieDataSet.swift */; };
		5B88D8A31C634EBB00B54CBD /* RealmRadarDataSet.swift in Sources */ = {isa = PBXBuildFile; fileRef = 5B88D8821C634EBB00B54CBD /* RealmRadarDataSet.swift */; };
		5B88D8A71C634EBB00B54CBD /* RealmScatterDataSet.swift in Sources */ = {isa = PBXBuildFile; fileRef = 5B88D8841C634EBB00B54CBD /* RealmScatterDataSet.swift */; };
		5BA899261CADB7F20012ED64 /* RealmLineRadarDataSet.swift in Sources */ = {isa = PBXBuildFile; fileRef = 5B88D87D1C634EBB00B54CBD /* RealmLineRadarDataSet.swift */; };
		5BA899271CADB7F20012ED64 /* RealmPieDataSet.swift in Sources */ = {isa = PBXBuildFile; fileRef = 5B88D8801C634EBB00B54CBD /* RealmPieDataSet.swift */; };
		5BA899281CADB7F20012ED64 /* RealmLineDataSet.swift in Sources */ = {isa = PBXBuildFile; fileRef = 5B88D87C1C634EBB00B54CBD /* RealmLineDataSet.swift */; };
		5BA899291CADB7F20012ED64 /* RealmChartUtils.swift in Sources */ = {isa = PBXBuildFile; fileRef = 5B4AC1811C4C12B80028D1A6 /* RealmChartUtils.swift */; };
		5BA8992A1CADB7F20012ED64 /* RealmScatterDataSet.swift in Sources */ = {isa = PBXBuildFile; fileRef = 5B88D8841C634EBB00B54CBD /* RealmScatterDataSet.swift */; };
		5BA8992C1CADB7F20012ED64 /* RealmBarDataSet.swift in Sources */ = {isa = PBXBuildFile; fileRef = 5B88D8741C634EBB00B54CBD /* RealmBarDataSet.swift */; };
		5BA8992D1CADB7F20012ED64 /* RealmBaseDataSet.swift in Sources */ = {isa = PBXBuildFile; fileRef = 5B88D8761C634EBB00B54CBD /* RealmBaseDataSet.swift */; };
		5BA8992E1CADB7F20012ED64 /* RealmCandleDataSet.swift in Sources */ = {isa = PBXBuildFile; fileRef = 5B88D87A1C634EBB00B54CBD /* RealmCandleDataSet.swift */; };
		5BA899311CADB7F20012ED64 /* RealmBarLineScatterCandleBubbleDataSet.swift in Sources */ = {isa = PBXBuildFile; fileRef = 5B88D8751C634EBB00B54CBD /* RealmBarLineScatterCandleBubbleDataSet.swift */; };
		5BA899331CADB7F20012ED64 /* RealmBubbleDataSet.swift in Sources */ = {isa = PBXBuildFile; fileRef = 5B88D8781C634EBB00B54CBD /* RealmBubbleDataSet.swift */; };
		5BA899341CADB7F20012ED64 /* RealmLineScatterCandleRadarDataSet.swift in Sources */ = {isa = PBXBuildFile; fileRef = 5B88D87E1C634EBB00B54CBD /* RealmLineScatterCandleRadarDataSet.swift */; };
		5BA899351CADB7F20012ED64 /* RealmRadarDataSet.swift in Sources */ = {isa = PBXBuildFile; fileRef = 5B88D8821C634EBB00B54CBD /* RealmRadarDataSet.swift */; };
		5BA8993E1CADB7F20012ED64 /* ChartsRealm.h in Headers */ = {isa = PBXBuildFile; fileRef = 5B680D3C1A9D1AD90026A057 /* ChartsRealm.h */; settings = {ATTRIBUTES = (Public, ); }; };
/* End PBXBuildFile section */

/* Begin PBXFileReference section */
		060724051D7FBEB900BFCF61 /* ChartsRealm.framework */ = {isa = PBXFileReference; explicitFileType = wrapper.framework; includeInIndex = 0; path = ChartsRealm.framework; sourceTree = BUILT_PRODUCTS_DIR; };
		0621EFE01D7FD6FE001BA58B /* Charts.framework */ = {isa = PBXFileReference; lastKnownFileType = wrapper.framework; name = Charts.framework; path = ../Carthage/Build/iOS/Charts.framework; sourceTree = "<group>"; };
		0621EFE21D7FD71A001BA58B /* Charts.framework */ = {isa = PBXFileReference; lastKnownFileType = wrapper.framework; name = Charts.framework; path = ../Carthage/Build/tvOS/Charts.framework; sourceTree = "<group>"; };
		0621EFED1D7FD74F001BA58B /* Charts.framework */ = {isa = PBXFileReference; lastKnownFileType = wrapper.framework; name = Charts.framework; path = ../Carthage/Build/Mac/Charts.framework; sourceTree = "<group>"; };
		068182281D7F914D000E0FAB /* Realm.framework */ = {isa = PBXFileReference; lastKnownFileType = wrapper.framework; name = Realm.framework; path = ../Carthage/Build/iOS/Realm.framework; sourceTree = "<group>"; };
		0681822A1D7F915C000E0FAB /* RealmSwift.framework */ = {isa = PBXFileReference; lastKnownFileType = wrapper.framework; name = RealmSwift.framework; path = ../Carthage/Build/iOS/RealmSwift.framework; sourceTree = "<group>"; };
		0681822C1D7F9170000E0FAB /* Realm.framework */ = {isa = PBXFileReference; lastKnownFileType = wrapper.framework; name = Realm.framework; path = ../Carthage/Build/tvOS/Realm.framework; sourceTree = "<group>"; };
		0681822E1D7F917F000E0FAB /* RealmSwift.framework */ = {isa = PBXFileReference; lastKnownFileType = wrapper.framework; name = RealmSwift.framework; path = ../Carthage/Build/tvOS/RealmSwift.framework; sourceTree = "<group>"; };
		068182301D7F9194000E0FAB /* Realm.framework */ = {isa = PBXFileReference; lastKnownFileType = wrapper.framework; name = Realm.framework; path = ../Carthage/Build/Mac/Realm.framework; sourceTree = "<group>"; };
		068182321D7F91A8000E0FAB /* RealmSwift.framework */ = {isa = PBXFileReference; lastKnownFileType = wrapper.framework; name = RealmSwift.framework; path = ../Carthage/Build/Mac/RealmSwift.framework; sourceTree = "<group>"; };
		5B4AC1811C4C12B80028D1A6 /* RealmChartUtils.swift */ = {isa = PBXFileReference; fileEncoding = 4; lastKnownFileType = sourcecode.swift; path = RealmChartUtils.swift; sourceTree = "<group>"; };
		5B680D3C1A9D1AD90026A057 /* ChartsRealm.h */ = {isa = PBXFileReference; fileEncoding = 4; lastKnownFileType = sourcecode.c.h; path = ChartsRealm.h; sourceTree = "<group>"; };
		5B88D8741C634EBB00B54CBD /* RealmBarDataSet.swift */ = {isa = PBXFileReference; fileEncoding = 4; lastKnownFileType = sourcecode.swift; path = RealmBarDataSet.swift; sourceTree = "<group>"; };
		5B88D8751C634EBB00B54CBD /* RealmBarLineScatterCandleBubbleDataSet.swift */ = {isa = PBXFileReference; fileEncoding = 4; lastKnownFileType = sourcecode.swift; path = RealmBarLineScatterCandleBubbleDataSet.swift; sourceTree = "<group>"; };
		5B88D8761C634EBB00B54CBD /* RealmBaseDataSet.swift */ = {isa = PBXFileReference; fileEncoding = 4; lastKnownFileType = sourcecode.swift; path = RealmBaseDataSet.swift; sourceTree = "<group>"; };
		5B88D8781C634EBB00B54CBD /* RealmBubbleDataSet.swift */ = {isa = PBXFileReference; fileEncoding = 4; lastKnownFileType = sourcecode.swift; path = RealmBubbleDataSet.swift; sourceTree = "<group>"; };
		5B88D87A1C634EBB00B54CBD /* RealmCandleDataSet.swift */ = {isa = PBXFileReference; fileEncoding = 4; lastKnownFileType = sourcecode.swift; path = RealmCandleDataSet.swift; sourceTree = "<group>"; };
		5B88D87C1C634EBB00B54CBD /* RealmLineDataSet.swift */ = {isa = PBXFileReference; fileEncoding = 4; lastKnownFileType = sourcecode.swift; path = RealmLineDataSet.swift; sourceTree = "<group>"; };
		5B88D87D1C634EBB00B54CBD /* RealmLineRadarDataSet.swift */ = {isa = PBXFileReference; fileEncoding = 4; lastKnownFileType = sourcecode.swift; path = RealmLineRadarDataSet.swift; sourceTree = "<group>"; };
		5B88D87E1C634EBB00B54CBD /* RealmLineScatterCandleRadarDataSet.swift */ = {isa = PBXFileReference; fileEncoding = 4; lastKnownFileType = sourcecode.swift; path = RealmLineScatterCandleRadarDataSet.swift; sourceTree = "<group>"; };
		5B88D8801C634EBB00B54CBD /* RealmPieDataSet.swift */ = {isa = PBXFileReference; fileEncoding = 4; lastKnownFileType = sourcecode.swift; path = RealmPieDataSet.swift; sourceTree = "<group>"; };
		5B88D8821C634EBB00B54CBD /* RealmRadarDataSet.swift */ = {isa = PBXFileReference; fileEncoding = 4; lastKnownFileType = sourcecode.swift; path = RealmRadarDataSet.swift; sourceTree = "<group>"; };
		5B88D8841C634EBB00B54CBD /* RealmScatterDataSet.swift */ = {isa = PBXFileReference; fileEncoding = 4; lastKnownFileType = sourcecode.swift; path = RealmScatterDataSet.swift; sourceTree = "<group>"; };
		5BA899431CADB7F20012ED64 /* ChartsRealm.framework */ = {isa = PBXFileReference; explicitFileType = wrapper.framework; includeInIndex = 0; path = ChartsRealm.framework; sourceTree = BUILT_PRODUCTS_DIR; };
		5BA8EC401A9D14DC00CE82E1 /* ChartsRealm.framework */ = {isa = PBXFileReference; explicitFileType = wrapper.framework; includeInIndex = 0; path = ChartsRealm.framework; sourceTree = BUILT_PRODUCTS_DIR; };
		5BA8EC441A9D14DC00CE82E1 /* Info.plist */ = {isa = PBXFileReference; lastKnownFileType = text.plist.xml; path = Info.plist; sourceTree = "<group>"; };
/* End PBXFileReference section */

/* Begin PBXFrameworksBuildPhase section */
		060724011D7FBEB900BFCF61 /* Frameworks */ = {
			isa = PBXFrameworksBuildPhase;
			buildActionMask = 2147483647;
			files = (
				0621EFEC1D7FD742001BA58B /* Charts.framework in Frameworks */,
				0607241B1D7FC05900BFCF61 /* Realm.framework in Frameworks */,
				0607241C1D7FC05B00BFCF61 /* RealmSwift.framework in Frameworks */,
			);
			runOnlyForDeploymentPostprocessing = 0;
		};
		5BA899391CADB7F20012ED64 /* Frameworks */ = {
			isa = PBXFrameworksBuildPhase;
			buildActionMask = 2147483647;
			files = (
				0621EFEE1D7FD74F001BA58B /* Charts.framework in Frameworks */,
				068182331D7F91A8000E0FAB /* RealmSwift.framework in Frameworks */,
				068182311D7F9194000E0FAB /* Realm.framework in Frameworks */,
			);
			runOnlyForDeploymentPostprocessing = 0;
		};
		5BA8EC3C1A9D14DC00CE82E1 /* Frameworks */ = {
			isa = PBXFrameworksBuildPhase;
			buildActionMask = 2147483647;
			files = (
				0621EFE11D7FD6FE001BA58B /* Charts.framework in Frameworks */,
				0681822B1D7F915C000E0FAB /* RealmSwift.framework in Frameworks */,
				068182291D7F914D000E0FAB /* Realm.framework in Frameworks */,
			);
			runOnlyForDeploymentPostprocessing = 0;
		};
/* End PBXFrameworksBuildPhase section */

/* Begin PBXGroup section */
		06AEE7C31BDC427F009875AE /* Frameworks */ = {
			isa = PBXGroup;
			children = (
				0621EFED1D7FD74F001BA58B /* Charts.framework */,
				0621EFE21D7FD71A001BA58B /* Charts.framework */,
				0621EFE01D7FD6FE001BA58B /* Charts.framework */,
				068182321D7F91A8000E0FAB /* RealmSwift.framework */,
				068182301D7F9194000E0FAB /* Realm.framework */,
				0681822E1D7F917F000E0FAB /* RealmSwift.framework */,
				0681822C1D7F9170000E0FAB /* Realm.framework */,
				0681822A1D7F915C000E0FAB /* RealmSwift.framework */,
				068182281D7F914D000E0FAB /* Realm.framework */,
			);
			name = Frameworks;
			sourceTree = "<group>";
		};
		5BA8EC361A9D14DC00CE82E1 = {
			isa = PBXGroup;
			children = (
				5BA8EC651A9D151C00CE82E1 /* Classes */,
				5BA8EC431A9D14DC00CE82E1 /* Supporting Files */,
				06AEE7C31BDC427F009875AE /* Frameworks */,
				5BA8EC411A9D14DC00CE82E1 /* Products */,
			);
			sourceTree = "<group>";
		};
		5BA8EC411A9D14DC00CE82E1 /* Products */ = {
			isa = PBXGroup;
			children = (
				5BA8EC401A9D14DC00CE82E1 /* ChartsRealm.framework */,
				5BA899431CADB7F20012ED64 /* ChartsRealm.framework */,
				060724051D7FBEB900BFCF61 /* ChartsRealm.framework */,
			);
			name = Products;
			sourceTree = "<group>";
		};
		5BA8EC431A9D14DC00CE82E1 /* Supporting Files */ = {
			isa = PBXGroup;
			children = (
				5B680D3C1A9D1AD90026A057 /* ChartsRealm.h */,
				5BA8EC441A9D14DC00CE82E1 /* Info.plist */,
			);
			path = "Supporting Files";
			sourceTree = "<group>";
		};
		5BA8EC651A9D151C00CE82E1 /* Classes */ = {
			isa = PBXGroup;
			children = (
				5BA8EC6F1A9D151C00CE82E1 /* Data */,
				5BA8EC781A9D151C00CE82E1 /* Utils */,
			);
			path = Classes;
			sourceTree = "<group>";
		};
		5BA8EC6F1A9D151C00CE82E1 /* Data */ = {
			isa = PBXGroup;
			children = (
				5B88D8741C634EBB00B54CBD /* RealmBarDataSet.swift */,
				5B88D8751C634EBB00B54CBD /* RealmBarLineScatterCandleBubbleDataSet.swift */,
				5B88D8761C634EBB00B54CBD /* RealmBaseDataSet.swift */,
				5B88D8781C634EBB00B54CBD /* RealmBubbleDataSet.swift */,
				5B88D87A1C634EBB00B54CBD /* RealmCandleDataSet.swift */,
				5B88D87C1C634EBB00B54CBD /* RealmLineDataSet.swift */,
				5B88D87D1C634EBB00B54CBD /* RealmLineRadarDataSet.swift */,
				5B88D87E1C634EBB00B54CBD /* RealmLineScatterCandleRadarDataSet.swift */,
				5B88D8801C634EBB00B54CBD /* RealmPieDataSet.swift */,
				5B88D8821C634EBB00B54CBD /* RealmRadarDataSet.swift */,
				5B88D8841C634EBB00B54CBD /* RealmScatterDataSet.swift */,
			);
			path = Data;
			sourceTree = "<group>";
		};
		5BA8EC781A9D151C00CE82E1 /* Utils */ = {
			isa = PBXGroup;
			children = (
				5B4AC1811C4C12B80028D1A6 /* RealmChartUtils.swift */,
			);
			path = Utils;
			sourceTree = "<group>";
		};
/* End PBXGroup section */

/* Begin PBXHeadersBuildPhase section */
		060724021D7FBEB900BFCF61 /* Headers */ = {
			isa = PBXHeadersBuildPhase;
			buildActionMask = 2147483647;
			files = (
				060724191D7FC03000BFCF61 /* ChartsRealm.h in Headers */,
			);
			runOnlyForDeploymentPostprocessing = 0;
		};
		5BA8993D1CADB7F20012ED64 /* Headers */ = {
			isa = PBXHeadersBuildPhase;
			buildActionMask = 2147483647;
			files = (
				5BA8993E1CADB7F20012ED64 /* ChartsRealm.h in Headers */,
			);
			runOnlyForDeploymentPostprocessing = 0;
		};
		5BA8EC3D1A9D14DC00CE82E1 /* Headers */ = {
			isa = PBXHeadersBuildPhase;
			buildActionMask = 2147483647;
			files = (
				5B680D3D1A9D1AD90026A057 /* ChartsRealm.h in Headers */,
			);
			runOnlyForDeploymentPostprocessing = 0;
		};
/* End PBXHeadersBuildPhase section */

/* Begin PBXNativeTarget section */
		060724041D7FBEB900BFCF61 /* ChartsRealm-tvOS */ = {
			isa = PBXNativeTarget;
			buildConfigurationList = 0607240A1D7FBEBA00BFCF61 /* Build configuration list for PBXNativeTarget "ChartsRealm-tvOS" */;
			buildPhases = (
				060724001D7FBEB900BFCF61 /* Sources */,
				060724011D7FBEB900BFCF61 /* Frameworks */,
				060724021D7FBEB900BFCF61 /* Headers */,
				060724031D7FBEB900BFCF61 /* Resources */,
			);
			buildRules = (
			);
			dependencies = (
			);
			name = "ChartsRealm-tvOS";
			productName = "ChartsRealm-TV";
			productReference = 060724051D7FBEB900BFCF61 /* ChartsRealm.framework */;
			productType = "com.apple.product-type.framework";
		};
		5BA899241CADB7F20012ED64 /* ChartsRealm-macOS */ = {
			isa = PBXNativeTarget;
			buildConfigurationList = 5BA899401CADB7F20012ED64 /* Build configuration list for PBXNativeTarget "ChartsRealm-macOS" */;
			buildPhases = (
				5BA899251CADB7F20012ED64 /* Sources */,
				5BA899391CADB7F20012ED64 /* Frameworks */,
				5BA8993D1CADB7F20012ED64 /* Headers */,
				5BA8993F1CADB7F20012ED64 /* Resources */,
			);
			buildRules = (
			);
			dependencies = (
			);
			name = "ChartsRealm-macOS";
			productName = Charts;
			productReference = 5BA899431CADB7F20012ED64 /* ChartsRealm.framework */;
			productType = "com.apple.product-type.framework";
		};
		5BA8EC3F1A9D14DC00CE82E1 /* ChartsRealm-iOS */ = {
			isa = PBXNativeTarget;
			buildConfigurationList = 5BA8EC561A9D14DC00CE82E1 /* Build configuration list for PBXNativeTarget "ChartsRealm-iOS" */;
			buildPhases = (
				5BA8EC3B1A9D14DC00CE82E1 /* Sources */,
				5BA8EC3C1A9D14DC00CE82E1 /* Frameworks */,
				5BA8EC3D1A9D14DC00CE82E1 /* Headers */,
				5BA8EC3E1A9D14DC00CE82E1 /* Resources */,
			);
			buildRules = (
			);
			dependencies = (
			);
			name = "ChartsRealm-iOS";
			productName = Charts;
			productReference = 5BA8EC401A9D14DC00CE82E1 /* ChartsRealm.framework */;
			productType = "com.apple.product-type.framework";
		};
/* End PBXNativeTarget section */

/* Begin PBXProject section */
		5BA8EC371A9D14DC00CE82E1 /* Project object */ = {
			isa = PBXProject;
			attributes = {
				LastSwiftMigration = 0700;
				LastSwiftUpdateCheck = 0710;
				LastUpgradeCheck = 0730;
				ORGANIZATIONNAME = dcg;
				TargetAttributes = {
					060724041D7FBEB900BFCF61 = {
						CreatedOnToolsVersion = 7.3.1;
					};
					5BA8EC3F1A9D14DC00CE82E1 = {
						CreatedOnToolsVersion = 6.1.1;
					};
				};
			};
			buildConfigurationList = 5BA8EC3A1A9D14DC00CE82E1 /* Build configuration list for PBXProject "ChartsRealm" */;
			compatibilityVersion = "Xcode 3.2";
			developmentRegion = English;
			hasScannedForEncodings = 0;
			knownRegions = (
				en,
			);
			mainGroup = 5BA8EC361A9D14DC00CE82E1;
			productRefGroup = 5BA8EC411A9D14DC00CE82E1 /* Products */;
			projectDirPath = "";
			projectRoot = "";
			targets = (
				5BA8EC3F1A9D14DC00CE82E1 /* ChartsRealm-iOS */,
				5BA899241CADB7F20012ED64 /* ChartsRealm-macOS */,
				060724041D7FBEB900BFCF61 /* ChartsRealm-tvOS */,
			);
		};
/* End PBXProject section */

/* Begin PBXResourcesBuildPhase section */
		060724031D7FBEB900BFCF61 /* Resources */ = {
			isa = PBXResourcesBuildPhase;
			buildActionMask = 2147483647;
			files = (
			);
			runOnlyForDeploymentPostprocessing = 0;
		};
		5BA8993F1CADB7F20012ED64 /* Resources */ = {
			isa = PBXResourcesBuildPhase;
			buildActionMask = 2147483647;
			files = (
			);
			runOnlyForDeploymentPostprocessing = 0;
		};
		5BA8EC3E1A9D14DC00CE82E1 /* Resources */ = {
			isa = PBXResourcesBuildPhase;
			buildActionMask = 2147483647;
			files = (
			);
			runOnlyForDeploymentPostprocessing = 0;
		};
/* End PBXResourcesBuildPhase section */

/* Begin PBXSourcesBuildPhase section */
		060724001D7FBEB900BFCF61 /* Sources */ = {
			isa = PBXSourcesBuildPhase;
			buildActionMask = 2147483647;
			files = (
				0607240E1D7FC02400BFCF61 /* RealmBarLineScatterCandleBubbleDataSet.swift in Sources */,
				060724151D7FC02400BFCF61 /* RealmPieDataSet.swift in Sources */,
				060724141D7FC02400BFCF61 /* RealmLineScatterCandleRadarDataSet.swift in Sources */,
				060724161D7FC02400BFCF61 /* RealmRadarDataSet.swift in Sources */,
				060724181D7FC02400BFCF61 /* RealmChartUtils.swift in Sources */,
				0607240D1D7FC02400BFCF61 /* RealmBarDataSet.swift in Sources */,
				060724131D7FC02400BFCF61 /* RealmLineRadarDataSet.swift in Sources */,
				060724111D7FC02400BFCF61 /* RealmCandleDataSet.swift in Sources */,
				060724101D7FC02400BFCF61 /* RealmBubbleDataSet.swift in Sources */,
				060724121D7FC02400BFCF61 /* RealmLineDataSet.swift in Sources */,
				0607240F1D7FC02400BFCF61 /* RealmBaseDataSet.swift in Sources */,
				060724171D7FC02400BFCF61 /* RealmScatterDataSet.swift in Sources */,
			);
			runOnlyForDeploymentPostprocessing = 0;
		};
		5BA899251CADB7F20012ED64 /* Sources */ = {
			isa = PBXSourcesBuildPhase;
			buildActionMask = 2147483647;
			files = (
				5BA899261CADB7F20012ED64 /* RealmLineRadarDataSet.swift in Sources */,
				5BA899271CADB7F20012ED64 /* RealmPieDataSet.swift in Sources */,
				5BA899281CADB7F20012ED64 /* RealmLineDataSet.swift in Sources */,
				5BA899291CADB7F20012ED64 /* RealmChartUtils.swift in Sources */,
				5BA8992A1CADB7F20012ED64 /* RealmScatterDataSet.swift in Sources */,
				5BA8992C1CADB7F20012ED64 /* RealmBarDataSet.swift in Sources */,
				5BA8992D1CADB7F20012ED64 /* RealmBaseDataSet.swift in Sources */,
				5BA8992E1CADB7F20012ED64 /* RealmCandleDataSet.swift in Sources */,
				5BA899311CADB7F20012ED64 /* RealmBarLineScatterCandleBubbleDataSet.swift in Sources */,
				5BA899331CADB7F20012ED64 /* RealmBubbleDataSet.swift in Sources */,
				5BA899341CADB7F20012ED64 /* RealmLineScatterCandleRadarDataSet.swift in Sources */,
				5BA899351CADB7F20012ED64 /* RealmRadarDataSet.swift in Sources */,
			);
			runOnlyForDeploymentPostprocessing = 0;
		};
		5BA8EC3B1A9D14DC00CE82E1 /* Sources */ = {
			isa = PBXSourcesBuildPhase;
			buildActionMask = 2147483647;
			files = (
				5B88D8991C634EBB00B54CBD /* RealmLineRadarDataSet.swift in Sources */,
				5B88D89F1C634EBB00B54CBD /* RealmPieDataSet.swift in Sources */,
				5B88D8971C634EBB00B54CBD /* RealmLineDataSet.swift in Sources */,
				5B4AC1821C4C12B80028D1A6 /* RealmChartUtils.swift in Sources */,
				5B88D8A71C634EBB00B54CBD /* RealmScatterDataSet.swift in Sources */,
				5B88D8871C634EBB00B54CBD /* RealmBarDataSet.swift in Sources */,
				5B88D88B1C634EBB00B54CBD /* RealmBaseDataSet.swift in Sources */,
				5B88D8931C634EBB00B54CBD /* RealmCandleDataSet.swift in Sources */,
				5B88D8891C634EBB00B54CBD /* RealmBarLineScatterCandleBubbleDataSet.swift in Sources */,
				5B88D88F1C634EBB00B54CBD /* RealmBubbleDataSet.swift in Sources */,
				5B88D89B1C634EBB00B54CBD /* RealmLineScatterCandleRadarDataSet.swift in Sources */,
				5B88D8A31C634EBB00B54CBD /* RealmRadarDataSet.swift in Sources */,
			);
			runOnlyForDeploymentPostprocessing = 0;
		};
/* End PBXSourcesBuildPhase section */

/* Begin XCBuildConfiguration section */
		0607240B1D7FBEBA00BFCF61 /* Debug */ = {
			isa = XCBuildConfiguration;
			buildSettings = {
				CLANG_ANALYZER_NONNULL = YES;
				DEBUG_INFORMATION_FORMAT = dwarf;
				DEFINES_MODULE = YES;
				DYLIB_COMPATIBILITY_VERSION = 1;
				DYLIB_CURRENT_VERSION = 1;
				DYLIB_INSTALL_NAME_BASE = "@rpath";
				FRAMEWORK_SEARCH_PATHS = "$(PROJECT_DIR)/../Carthage/Build/tvOS";
				GCC_NO_COMMON_BLOCKS = YES;
				INFOPLIST_FILE = "$(inherited)";
				INSTALL_PATH = "$(LOCAL_LIBRARY_DIR)/Frameworks";
				LD_RUNPATH_SEARCH_PATHS = "$(inherited) @executable_path/Frameworks @loader_path/Frameworks";
				PRODUCT_BUNDLE_IDENTIFIER = com.dcg.ChartsRealm;
				PRODUCT_MODULE_NAME = "$(inherited)";
				PRODUCT_NAME = "$(inherited)";
				SDKROOT = appletvos;
				SKIP_INSTALL = YES;
				TARGETED_DEVICE_FAMILY = 3;
			};
			name = Debug;
		};
		0607240C1D7FBEBA00BFCF61 /* Release */ = {
			isa = XCBuildConfiguration;
			buildSettings = {
				CLANG_ANALYZER_NONNULL = YES;
				COPY_PHASE_STRIP = NO;
				DEBUG_INFORMATION_FORMAT = "dwarf-with-dsym";
				DEFINES_MODULE = YES;
				DYLIB_COMPATIBILITY_VERSION = 1;
				DYLIB_CURRENT_VERSION = 1;
				DYLIB_INSTALL_NAME_BASE = "@rpath";
				FRAMEWORK_SEARCH_PATHS = "$(PROJECT_DIR)/../Carthage/Build/tvOS";
				GCC_NO_COMMON_BLOCKS = YES;
				INFOPLIST_FILE = "$(inherited)";
				INSTALL_PATH = "$(LOCAL_LIBRARY_DIR)/Frameworks";
				LD_RUNPATH_SEARCH_PATHS = "$(inherited) @executable_path/Frameworks @loader_path/Frameworks";
				PRODUCT_BUNDLE_IDENTIFIER = com.dcg.ChartsRealm;
				PRODUCT_MODULE_NAME = "$(inherited)";
				PRODUCT_NAME = "$(inherited)";
				SDKROOT = appletvos;
				SKIP_INSTALL = YES;
				TARGETED_DEVICE_FAMILY = 3;
			};
			name = Release;
		};
		5BA899411CADB7F20012ED64 /* Debug */ = {
			isa = XCBuildConfiguration;
			buildSettings = {
				APPLICATION_EXTENSION_API_ONLY = YES;
				CLANG_ENABLE_MODULES = YES;
				COMBINE_HIDPI_IMAGES = YES;
				DEFINES_MODULE = YES;
				DYLIB_COMPATIBILITY_VERSION = 1;
				DYLIB_CURRENT_VERSION = 2.2.5;
				DYLIB_INSTALL_NAME_BASE = "@rpath";
				FRAMEWORK_SEARCH_PATHS = "$(PROJECT_DIR)/../Carthage/Build/Mac";
				INFOPLIST_FILE = "$(inherited)";
				INSTALL_PATH = "$(LOCAL_LIBRARY_DIR)/Frameworks";
				LD_RUNPATH_SEARCH_PATHS = "$(inherited) @executable_path/Frameworks @loader_path/Frameworks";
				PRODUCT_BUNDLE_IDENTIFIER = com.dcg.ChartsRealm;
				PRODUCT_MODULE_NAME = "$(inherited)";
				PRODUCT_NAME = "$(inherited)";
				PROVISIONING_PROFILE = "";
				SDKROOT = macosx;
				SKIP_INSTALL = YES;
				SUPPORTED_PLATFORMS = macosx;
				SWIFT_OPTIMIZATION_LEVEL = "-Onone";
			};
			name = Debug;
		};
		5BA899421CADB7F20012ED64 /* Release */ = {
			isa = XCBuildConfiguration;
			buildSettings = {
				APPLICATION_EXTENSION_API_ONLY = YES;
				CLANG_ENABLE_MODULES = YES;
				COMBINE_HIDPI_IMAGES = YES;
				DEFINES_MODULE = YES;
				DYLIB_COMPATIBILITY_VERSION = 1;
				DYLIB_CURRENT_VERSION = 2.2.5;
				DYLIB_INSTALL_NAME_BASE = "@rpath";
				FRAMEWORK_SEARCH_PATHS = "$(PROJECT_DIR)/../Carthage/Build/Mac";
				INFOPLIST_FILE = "$(inherited)";
				INSTALL_PATH = "$(LOCAL_LIBRARY_DIR)/Frameworks";
				LD_RUNPATH_SEARCH_PATHS = "$(inherited) @executable_path/Frameworks @loader_path/Frameworks";
				PRODUCT_BUNDLE_IDENTIFIER = com.dcg.ChartsRealm;
				PRODUCT_MODULE_NAME = "$(inherited)";
				PRODUCT_NAME = "$(inherited)";
				PROVISIONING_PROFILE = "";
				SDKROOT = macosx;
				SKIP_INSTALL = YES;
				SUPPORTED_PLATFORMS = macosx;
			};
			name = Release;
		};
		5BA8EC541A9D14DC00CE82E1 /* Debug */ = {
			isa = XCBuildConfiguration;
			buildSettings = {
				ALWAYS_SEARCH_USER_PATHS = NO;
				APPLICATION_EXTENSION_API_ONLY = YES;
				CLANG_CXX_LANGUAGE_STANDARD = "gnu++0x";
				CLANG_CXX_LIBRARY = "libc++";
				CLANG_ENABLE_MODULES = YES;
				CLANG_ENABLE_OBJC_ARC = YES;
				CLANG_WARN_BOOL_CONVERSION = YES;
				CLANG_WARN_CONSTANT_CONVERSION = YES;
				CLANG_WARN_DIRECT_OBJC_ISA_USAGE = YES_ERROR;
				CLANG_WARN_EMPTY_BODY = YES;
				CLANG_WARN_ENUM_CONVERSION = YES;
				CLANG_WARN_INT_CONVERSION = YES;
				CLANG_WARN_OBJC_ROOT_CLASS = YES_ERROR;
				CLANG_WARN_UNREACHABLE_CODE = YES;
				CLANG_WARN__DUPLICATE_METHOD_MATCH = YES;
				COPY_PHASE_STRIP = NO;
				CURRENT_PROJECT_VERSION = 1;
				ENABLE_STRICT_OBJC_MSGSEND = YES;
				ENABLE_TESTABILITY = YES;
				GCC_C_LANGUAGE_STANDARD = gnu99;
				GCC_DYNAMIC_NO_PIC = NO;
				GCC_OPTIMIZATION_LEVEL = 0;
				GCC_PREPROCESSOR_DEFINITIONS = (
					"DEBUG=1",
					"$(inherited)",
				);
				GCC_SYMBOLS_PRIVATE_EXTERN = NO;
				GCC_WARN_64_TO_32_BIT_CONVERSION = YES;
				GCC_WARN_ABOUT_RETURN_TYPE = YES_ERROR;
				GCC_WARN_UNDECLARED_SELECTOR = YES;
				GCC_WARN_UNINITIALIZED_AUTOS = YES_AGGRESSIVE;
				GCC_WARN_UNUSED_FUNCTION = YES;
				GCC_WARN_UNUSED_VARIABLE = YES;
				INFOPLIST_FILE = "Supporting Files/Info.plist";
				IPHONEOS_DEPLOYMENT_TARGET = 8.0;
				MACOSX_DEPLOYMENT_TARGET = 10.11;
				MTL_ENABLE_DEBUG_INFO = YES;
				ONLY_ACTIVE_ARCH = YES;
				PRODUCT_NAME = ChartsRealm;
				SDKROOT = iphoneos;
				SWIFT_OPTIMIZATION_LEVEL = "-Onone";
				TARGETED_DEVICE_FAMILY = "1,2";
				TVOS_DEPLOYMENT_TARGET = 9.0;
				VERSIONING_SYSTEM = "apple-generic";
				VERSION_INFO_PREFIX = "";
				WATCHOS_DEPLOYMENT_TARGET = 2.0;
			};
			name = Debug;
		};
		5BA8EC551A9D14DC00CE82E1 /* Release */ = {
			isa = XCBuildConfiguration;
			buildSettings = {
				ALWAYS_SEARCH_USER_PATHS = NO;
				APPLICATION_EXTENSION_API_ONLY = YES;
				CLANG_CXX_LANGUAGE_STANDARD = "gnu++0x";
				CLANG_CXX_LIBRARY = "libc++";
				CLANG_ENABLE_MODULES = YES;
				CLANG_ENABLE_OBJC_ARC = YES;
				CLANG_WARN_BOOL_CONVERSION = YES;
				CLANG_WARN_CONSTANT_CONVERSION = YES;
				CLANG_WARN_DIRECT_OBJC_ISA_USAGE = YES_ERROR;
				CLANG_WARN_EMPTY_BODY = YES;
				CLANG_WARN_ENUM_CONVERSION = YES;
				CLANG_WARN_INT_CONVERSION = YES;
				CLANG_WARN_OBJC_ROOT_CLASS = YES_ERROR;
				CLANG_WARN_UNREACHABLE_CODE = YES;
				CLANG_WARN__DUPLICATE_METHOD_MATCH = YES;
				COPY_PHASE_STRIP = YES;
				CURRENT_PROJECT_VERSION = 1;
				ENABLE_NS_ASSERTIONS = NO;
				ENABLE_STRICT_OBJC_MSGSEND = YES;
				GCC_C_LANGUAGE_STANDARD = gnu99;
				GCC_WARN_64_TO_32_BIT_CONVERSION = YES;
				GCC_WARN_ABOUT_RETURN_TYPE = YES_ERROR;
				GCC_WARN_UNDECLARED_SELECTOR = YES;
				GCC_WARN_UNINITIALIZED_AUTOS = YES_AGGRESSIVE;
				GCC_WARN_UNUSED_FUNCTION = YES;
				GCC_WARN_UNUSED_VARIABLE = YES;
				INFOPLIST_FILE = "Supporting Files/Info.plist";
				IPHONEOS_DEPLOYMENT_TARGET = 8.0;
				MACOSX_DEPLOYMENT_TARGET = 10.11;
				MTL_ENABLE_DEBUG_INFO = NO;
				PRODUCT_NAME = ChartsRealm;
				SDKROOT = iphoneos;
				TARGETED_DEVICE_FAMILY = "1,2";
				TVOS_DEPLOYMENT_TARGET = 9.0;
				VALIDATE_PRODUCT = YES;
				VERSIONING_SYSTEM = "apple-generic";
				VERSION_INFO_PREFIX = "";
				WATCHOS_DEPLOYMENT_TARGET = 2.0;
			};
			name = Release;
		};
		5BA8EC571A9D14DC00CE82E1 /* Debug */ = {
			isa = XCBuildConfiguration;
			buildSettings = {
				APPLICATION_EXTENSION_API_ONLY = YES;
				CLANG_ENABLE_MODULES = YES;
				CODE_SIGN_IDENTITY = "iPhone Developer";
				DEFINES_MODULE = YES;
				DYLIB_COMPATIBILITY_VERSION = 1;
				DYLIB_CURRENT_VERSION = 2.2.5;
				DYLIB_INSTALL_NAME_BASE = "@rpath";
				FRAMEWORK_SEARCH_PATHS = "$(PROJECT_DIR)/../Carthage/Build/iOS";
				INFOPLIST_FILE = "$(inherited)";
				INSTALL_PATH = "$(LOCAL_LIBRARY_DIR)/Frameworks";
				LD_RUNPATH_SEARCH_PATHS = "$(inherited) @executable_path/Frameworks @loader_path/Frameworks";
				PRODUCT_BUNDLE_IDENTIFIER = com.dcg.ChartsRealm;
				PRODUCT_MODULE_NAME = "$(inherited)";
				PRODUCT_NAME = "$(inherited)";
				PROVISIONING_PROFILE = "";
				SKIP_INSTALL = YES;
				SWIFT_OPTIMIZATION_LEVEL = "-Onone";
			};
			name = Debug;
		};
		5BA8EC581A9D14DC00CE82E1 /* Release */ = {
			isa = XCBuildConfiguration;
			buildSettings = {
				APPLICATION_EXTENSION_API_ONLY = YES;
				CLANG_ENABLE_MODULES = YES;
				CODE_SIGN_IDENTITY = "iPhone Developer";
				DEFINES_MODULE = YES;
				DYLIB_COMPATIBILITY_VERSION = 1;
				DYLIB_CURRENT_VERSION = 2.2.5;
				DYLIB_INSTALL_NAME_BASE = "@rpath";
				FRAMEWORK_SEARCH_PATHS = "$(PROJECT_DIR)/../Carthage/Build/iOS";
				INFOPLIST_FILE = "$(inherited)";
				INSTALL_PATH = "$(LOCAL_LIBRARY_DIR)/Frameworks";
				LD_RUNPATH_SEARCH_PATHS = "$(inherited) @executable_path/Frameworks @loader_path/Frameworks";
				PRODUCT_BUNDLE_IDENTIFIER = com.dcg.ChartsRealm;
				PRODUCT_MODULE_NAME = "$(inherited)";
				PRODUCT_NAME = "$(inherited)";
				PROVISIONING_PROFILE = "";
				SKIP_INSTALL = YES;
			};
			name = Release;
		};
/* End XCBuildConfiguration section */

/* Begin XCConfigurationList section */
		0607240A1D7FBEBA00BFCF61 /* Build configuration list for PBXNativeTarget "ChartsRealm-tvOS" */ = {
			isa = XCConfigurationList;
			buildConfigurations = (
				0607240B1D7FBEBA00BFCF61 /* Debug */,
				0607240C1D7FBEBA00BFCF61 /* Release */,
			);
			defaultConfigurationIsVisible = 0;
			defaultConfigurationName = Release;
		};
		5BA899401CADB7F20012ED64 /* Build configuration list for PBXNativeTarget "ChartsRealm-macOS" */ = {
			isa = XCConfigurationList;
			buildConfigurations = (
				5BA899411CADB7F20012ED64 /* Debug */,
				5BA899421CADB7F20012ED64 /* Release */,
			);
			defaultConfigurationIsVisible = 0;
			defaultConfigurationName = Release;
		};
		5BA8EC3A1A9D14DC00CE82E1 /* Build configuration list for PBXProject "ChartsRealm" */ = {
			isa = XCConfigurationList;
			buildConfigurations = (
				5BA8EC541A9D14DC00CE82E1 /* Debug */,
				5BA8EC551A9D14DC00CE82E1 /* Release */,
			);
			defaultConfigurationIsVisible = 0;
			defaultConfigurationName = Release;
		};
		5BA8EC561A9D14DC00CE82E1 /* Build configuration list for PBXNativeTarget "ChartsRealm-iOS" */ = {
			isa = XCConfigurationList;
			buildConfigurations = (
				5BA8EC571A9D14DC00CE82E1 /* Debug */,
				5BA8EC581A9D14DC00CE82E1 /* Release */,
			);
			defaultConfigurationIsVisible = 0;
			defaultConfigurationName = Release;
		};
/* End XCConfigurationList section */
	};
	rootObject = 5BA8EC371A9D14DC00CE82E1 /* Project object */;
}
